
Microsoft Visual Studio Solution File, Format Version 12.00
# Visual Studio Version 16
VisualStudioVersion = 16.0.29209.62
MinimumVisualStudioVersion = 10.0.40219.1
Project("{9A19103F-16F7-4668-BE54-9A1E7A4F7556}") = "silver-horn-cloo", "silver-horn-cloo\silver-horn-cloo.csproj", "{BB6E01CC-F7F1-47A1-AA37-08FECACEEA74}"
EndProject
Project("{FAE04EC0-301F-11D3-BF4B-00C04F79EFBC}") = "silver-horn-clootils", "silver-horn-clootils\silver-horn-clootils.csproj", "{AB2F2A84-D921-4454-A99D-EE665FB61A43}"
EndProject
Project("{FAE04EC0-301F-11D3-BF4B-00C04F79EFBC}") = "silver-horn-opencltemplate", "silver-horn-opencltemplate\silver-horn-opencltemplate.csproj", "{6E6C44FB-A7B7-4DFD-82BC-09F652AA2C10}"
EndProject
Project("{9A19103F-16F7-4668-BE54-9A1E7A4F7556}") = "silver-horn-cloo-tests", "silver-horn-cloo-tests\silver-horn-cloo-tests.csproj", "{16E39C98-A9C6-4FF4-9DF0-A456D55CF348}"
EndProject
Project("{9A19103F-16F7-4668-BE54-9A1E7A4F7556}") = "silver-horn-opencltemplate-tests", "silver-horn-opencltemplate-tests\silver-horn-opencltemplate-tests.csproj", "{D2C7D500-6F04-4C02-AC1E-6FEEDC197060}"
EndProject
Project("{8BC9CEB8-8B4A-11D0-8D11-00A0C91BC942}") = "silver-horn-opencl-12", "silver-horn-opencl-12\silver-horn-opencl-12.vcxproj", "{45596BFA-58C5-4783-ACBE-07B4585109A7}"
EndProject
Global
	GlobalSection(SolutionConfigurationPlatforms) = preSolution
		Debug|Any CPU = Debug|Any CPU
		Debug|x64 = Debug|x64
		Debug|x86 = Debug|x86
		Release|Any CPU = Release|Any CPU
		Release|x64 = Release|x64
		Release|x86 = Release|x86
	EndGlobalSection
	GlobalSection(ProjectConfigurationPlatforms) = postSolution
		{BB6E01CC-F7F1-47A1-AA37-08FECACEEA74}.Debug|Any CPU.ActiveCfg = Debug|Any CPU
		{BB6E01CC-F7F1-47A1-AA37-08FECACEEA74}.Debug|Any CPU.Build.0 = Debug|Any CPU
		{BB6E01CC-F7F1-47A1-AA37-08FECACEEA74}.Debug|x64.ActiveCfg = Debug|Any CPU
		{BB6E01CC-F7F1-47A1-AA37-08FECACEEA74}.Debug|x64.Build.0 = Debug|Any CPU
		{BB6E01CC-F7F1-47A1-AA37-08FECACEEA74}.Debug|x86.ActiveCfg = Debug|Any CPU
		{BB6E01CC-F7F1-47A1-AA37-08FECACEEA74}.Debug|x86.Build.0 = Debug|Any CPU
		{BB6E01CC-F7F1-47A1-AA37-08FECACEEA74}.Release|Any CPU.ActiveCfg = Release|Any CPU
		{BB6E01CC-F7F1-47A1-AA37-08FECACEEA74}.Release|Any CPU.Build.0 = Release|Any CPU
		{BB6E01CC-F7F1-47A1-AA37-08FECACEEA74}.Release|x64.ActiveCfg = Release|Any CPU
		{BB6E01CC-F7F1-47A1-AA37-08FECACEEA74}.Release|x64.Build.0 = Release|Any CPU
		{BB6E01CC-F7F1-47A1-AA37-08FECACEEA74}.Release|x86.ActiveCfg = Release|Any CPU
		{BB6E01CC-F7F1-47A1-AA37-08FECACEEA74}.Release|x86.Build.0 = Release|Any CPU
		{AB2F2A84-D921-4454-A99D-EE665FB61A43}.Debug|Any CPU.ActiveCfg = Debug|Any CPU
		{AB2F2A84-D921-4454-A99D-EE665FB61A43}.Debug|Any CPU.Build.0 = Debug|Any CPU
		{AB2F2A84-D921-4454-A99D-EE665FB61A43}.Debug|x64.ActiveCfg = Debug|Any CPU
		{AB2F2A84-D921-4454-A99D-EE665FB61A43}.Debug|x64.Build.0 = Debug|Any CPU
		{AB2F2A84-D921-4454-A99D-EE665FB61A43}.Debug|x86.ActiveCfg = Debug|Any CPU
		{AB2F2A84-D921-4454-A99D-EE665FB61A43}.Release|Any CPU.ActiveCfg = Release|Any CPU
		{AB2F2A84-D921-4454-A99D-EE665FB61A43}.Release|x64.ActiveCfg = Release|Any CPU
		{AB2F2A84-D921-4454-A99D-EE665FB61A43}.Release|x64.Build.0 = Release|Any CPU
		{AB2F2A84-D921-4454-A99D-EE665FB61A43}.Release|x86.ActiveCfg = Release|Any CPU
		{AB2F2A84-D921-4454-A99D-EE665FB61A43}.Release|x86.Build.0 = Release|Any CPU
		{6E6C44FB-A7B7-4DFD-82BC-09F652AA2C10}.Debug|Any CPU.ActiveCfg = Debug|Any CPU
		{6E6C44FB-A7B7-4DFD-82BC-09F652AA2C10}.Debug|Any CPU.Build.0 = Debug|Any CPU
		{6E6C44FB-A7B7-4DFD-82BC-09F652AA2C10}.Debug|x64.ActiveCfg = Debug|Any CPU
		{6E6C44FB-A7B7-4DFD-82BC-09F652AA2C10}.Debug|x64.Build.0 = Debug|Any CPU
		{6E6C44FB-A7B7-4DFD-82BC-09F652AA2C10}.Debug|x86.ActiveCfg = Debug|Any CPU
		{6E6C44FB-A7B7-4DFD-82BC-09F652AA2C10}.Release|Any CPU.ActiveCfg = Release|Any CPU
		{6E6C44FB-A7B7-4DFD-82BC-09F652AA2C10}.Release|x64.ActiveCfg = Release|Any CPU
		{6E6C44FB-A7B7-4DFD-82BC-09F652AA2C10}.Release|x64.Build.0 = Release|Any CPU
		{6E6C44FB-A7B7-4DFD-82BC-09F652AA2C10}.Release|x86.ActiveCfg = Release|Any CPU
		{6E6C44FB-A7B7-4DFD-82BC-09F652AA2C10}.Release|x86.Build.0 = Release|Any CPU
		{16E39C98-A9C6-4FF4-9DF0-A456D55CF348}.Debug|Any CPU.ActiveCfg = Debug|Any CPU
		{16E39C98-A9C6-4FF4-9DF0-A456D55CF348}.Debug|Any CPU.Build.0 = Debug|Any CPU
		{16E39C98-A9C6-4FF4-9DF0-A456D55CF348}.Debug|x64.ActiveCfg = Debug|Any CPU
		{16E39C98-A9C6-4FF4-9DF0-A456D55CF348}.Debug|x64.Build.0 = Debug|Any CPU
		{16E39C98-A9C6-4FF4-9DF0-A456D55CF348}.Debug|x86.ActiveCfg = Debug|Any CPU
		{16E39C98-A9C6-4FF4-9DF0-A456D55CF348}.Debug|x86.Build.0 = Debug|Any CPU
		{16E39C98-A9C6-4FF4-9DF0-A456D55CF348}.Release|Any CPU.ActiveCfg = Release|Any CPU
		{16E39C98-A9C6-4FF4-9DF0-A456D55CF348}.Release|Any CPU.Build.0 = Release|Any CPU
		{16E39C98-A9C6-4FF4-9DF0-A456D55CF348}.Release|x64.ActiveCfg = Release|Any CPU
		{16E39C98-A9C6-4FF4-9DF0-A456D55CF348}.Release|x64.Build.0 = Release|Any CPU
		{16E39C98-A9C6-4FF4-9DF0-A456D55CF348}.Release|x86.ActiveCfg = Release|Any CPU
		{16E39C98-A9C6-4FF4-9DF0-A456D55CF348}.Release|x86.Build.0 = Release|Any CPU
		{D2C7D500-6F04-4C02-AC1E-6FEEDC197060}.Debug|Any CPU.ActiveCfg = Debug|Any CPU
		{D2C7D500-6F04-4C02-AC1E-6FEEDC197060}.Debug|Any CPU.Build.0 = Debug|Any CPU
		{D2C7D500-6F04-4C02-AC1E-6FEEDC197060}.Debug|x64.ActiveCfg = Debug|Any CPU
		{D2C7D500-6F04-4C02-AC1E-6FEEDC197060}.Debug|x64.Build.0 = Debug|Any CPU
		{D2C7D500-6F04-4C02-AC1E-6FEEDC197060}.Debug|x86.ActiveCfg = Debug|Any CPU
		{D2C7D500-6F04-4C02-AC1E-6FEEDC197060}.Debug|x86.Build.0 = Debug|Any CPU
		{D2C7D500-6F04-4C02-AC1E-6FEEDC197060}.Release|Any CPU.ActiveCfg = Release|Any CPU
		{D2C7D500-6F04-4C02-AC1E-6FEEDC197060}.Release|Any CPU.Build.0 = Release|Any CPU
		{D2C7D500-6F04-4C02-AC1E-6FEEDC197060}.Release|x64.ActiveCfg = Release|Any CPU
		{D2C7D500-6F04-4C02-AC1E-6FEEDC197060}.Release|x64.Build.0 = Release|Any CPU
		{D2C7D500-6F04-4C02-AC1E-6FEEDC197060}.Release|x86.ActiveCfg = Release|Any CPU
		{D2C7D500-6F04-4C02-AC1E-6FEEDC197060}.Release|x86.Build.0 = Release|Any CPU
		{45596BFA-58C5-4783-ACBE-07B4585109A7}.Debug|Any CPU.ActiveCfg = Debug|x64
		{45596BFA-58C5-4783-ACBE-07B4585109A7}.Debug|x64.ActiveCfg = Debug|x64
		{45596BFA-58C5-4783-ACBE-07B4585109A7}.Debug|x64.Build.0 = Debug|x64
		{45596BFA-58C5-4783-ACBE-07B4585109A7}.Debug|x86.ActiveCfg = Debug|Win32
		{45596BFA-58C5-4783-ACBE-07B4585109A7}.Release|Any CPU.ActiveCfg = Release|Win32
		{45596BFA-58C5-4783-ACBE-07B4585109A7}.Release|x64.ActiveCfg = Release|x64
		{45596BFA-58C5-4783-ACBE-07B4585109A7}.Release|x64.Build.0 = Release|x64
		{45596BFA-58C5-4783-ACBE-07B4585109A7}.Release|x86.ActiveCfg = Release|Win32
		{45596BFA-58C5-4783-ACBE-07B4585109A7}.Release|x86.Build.0 = Release|Win32
	EndGlobalSection
	GlobalSection(SolutionProperties) = preSolution
		HideSolutionNode = FALSE
	EndGlobalSection
	GlobalSection(ExtensibilityGlobals) = postSolution
		SolutionGuid = {F52D2D8B-9A80-48F9-9F39-E19CD47C41C6}
	EndGlobalSection
EndGlobal
